
Microsoft Visual Studio Solution File, Format Version 12.00
# Visual Studio 15
VisualStudioVersion = 15.0.28010.2036
MinimumVisualStudioVersion = 10.0.40219.1
Project("{FAE04EC0-301F-11D3-BF4B-00C04F79EFBC}") = "CV_9_MultiLayerNetworks", "CV_9_MultiLayerNetworks\CV_9_MultiLayerNetworks.csproj", "{51CE7F06-A349-4853-A7EA-7609C014E97A}"
EndProject
Global
	GlobalSection(SolutionConfigurationPlatforms) = preSolution
		Debug|Any CPU = Debug|Any CPU
		Release|Any CPU = Release|Any CPU
	EndGlobalSection
	GlobalSection(ProjectConfigurationPlatforms) = postSolution
		{51CE7F06-A349-4853-A7EA-7609C014E97A}.Debug|Any CPU.ActiveCfg = Debug|Any CPU
		{51CE7F06-A349-4853-A7EA-7609C014E97A}.Debug|Any CPU.Build.0 = Debug|Any CPU
		{51CE7F06-A349-4853-A7EA-7609C014E97A}.Release|Any CPU.ActiveCfg = Release|Any CPU
		{51CE7F06-A349-4853-A7EA-7609C014E97A}.Release|Any CPU.Build.0 = Release|Any CPU
	EndGlobalSection
	GlobalSection(SolutionProperties) = preSolution
		HideSolutionNode = FALSE
	EndGlobalSection
	GlobalSection(ExtensibilityGlobals) = postSolution
		SolutionGuid = {09FE3A15-0351-46F1-907F-77377A54ECF5}
	EndGlobalSection
EndGlobal
